
Microsoft Visual Studio Solution File, Format Version 12.00
# Visual Studio Version 17
VisualStudioVersion = 17.1.32210.238
MinimumVisualStudioVersion = 10.0.40219.1
Project("{8BC9CEB8-8B4A-11D0-8D11-00A0C91BC942}") = "BDASM", "BDASM\BDASM.vcxproj", "{69339CAA-45EE-4CA5-A688-B37653825BE8}"
EndProject
Project("{8BC9CEB8-8B4A-11D0-8D11-00A0C91BC942}") = "TestExe", "TestExe\TestExe.vcxproj", "{4006C556-E4CF-4562-8D04-1F3ABB594571}"
EndProject
Global
	GlobalSection(SolutionConfigurationPlatforms) = preSolution
		Debug|x64 = Debug|x64
		Debug|x86 = Debug|x86
		Release|x64 = Release|x64
		Release|x86 = Release|x86
	EndGlobalSection
	GlobalSection(ProjectConfigurationPlatforms) = postSolution
		{69339CAA-45EE-4CA5-A688-B37653825BE8}.Debug|x64.ActiveCfg = Debug|x64
		{69339CAA-45EE-4CA5-A688-B37653825BE8}.Debug|x64.Build.0 = Debug|x64
		{69339CAA-45EE-4CA5-A688-B37653825BE8}.Debug|x86.ActiveCfg = Debug|Win32
		{69339CAA-45EE-4CA5-A688-B37653825BE8}.Debug|x86.Build.0 = Debug|Win32
		{69339CAA-45EE-4CA5-A688-B37653825BE8}.Release|x64.ActiveCfg = Release|x64
		{69339CAA-45EE-4CA5-A688-B37653825BE8}.Release|x64.Build.0 = Release|x64
		{69339CAA-45EE-4CA5-A688-B37653825BE8}.Release|x86.ActiveCfg = Release|Win32
		{69339CAA-45EE-4CA5-A688-B37653825BE8}.Release|x86.Build.0 = Release|Win32
		{4006C556-E4CF-4562-8D04-1F3ABB594571}.Debug|x64.ActiveCfg = Debug|x64
		{4006C556-E4CF-4562-8D04-1F3ABB594571}.Debug|x64.Build.0 = Debug|x64
		{4006C556-E4CF-4562-8D04-1F3ABB594571}.Debug|x86.ActiveCfg = Debug|Win32
		{4006C556-E4CF-4562-8D04-1F3ABB594571}.Debug|x86.Build.0 = Debug|Win32
		{4006C556-E4CF-4562-8D04-1F3ABB594571}.Release|x64.ActiveCfg = Release|x64
		{4006C556-E4CF-4562-8D04-1F3ABB594571}.Release|x64.Build.0 = Release|x64
		{4006C556-E4CF-4562-8D04-1F3ABB594571}.Release|x86.ActiveCfg = Release|Win32
		{4006C556-E4CF-4562-8D04-1F3ABB594571}.Release|x86.Build.0 = Release|Win32
	EndGlobalSection
	GlobalSection(SolutionProperties) = preSolution
		HideSolutionNode = FALSE
	EndGlobalSection
	GlobalSection(ExtensibilityGlobals) = postSolution
		SolutionGuid = {9BE56D46-FA20-4666-A005-A27213D17D26}
	EndGlobalSection
EndGlobal
