<?xml version="1.0" encoding="utf-8"?>
<Project ToolsVersion="4.0" xmlns="http://schemas.microsoft.com/developer/msbuild/2003">
  <ItemGroup>
    <ClInclude Include="sff.h">
      <Filter>Testing</Filter>
    </ClInclude>
    <ClInclude Include="dasm.h">
      <Filter>headers\dasm</Filter>
    </ClInclude>
    <ClInclude Include="inst.h">
      <Filter>headers\dasm</Filter>
    </ClInclude>
    <ClInclude Include="symbol.h">
      <Filter>headers\dasm</Filter>
    </ClInclude>
    <ClInclude Include="encoder.h">
      <Filter>headers\xed</Filter>
    </ClInclude>
    <ClInclude Include="pex.h">
      <Filter>headers</Filter>
    </ClInclude>
    <ClInclude Include="align.h">
      <Filter>headers\utils</Filter>
    </ClInclude>
    <ClInclude Include="..\sdk.h">
      <Filter>headers</Filter>
    </ClInclude>
    <ClInclude Include="dpattern.h">
      <Filter>headers\dasm</Filter>
    </ClInclude>
    <ClInclude Include="dasm2.h">
      <Filter>headers\dasm</Filter>
    </ClInclude>
    <ClInclude Include="obf_structures.h">
      <Filter>headers\obfuscator</Filter>
    </ClInclude>
    <ClInclude Include="flags.h">
      <Filter>headers\obfuscator</Filter>
    </ClInclude>
    <ClInclude Include="size_casting.h">
      <Filter>headers\utils</Filter>
    </ClInclude>
    <ClInclude Include="addr_width.h">
      <Filter>headers\utils</Filter>
    </ClInclude>
    <ClInclude Include="traits.h">
      <Filter>headers\utils</Filter>
    </ClInclude>
    <ClInclude Include="linker.h">
      <Filter>headers\dasm</Filter>
    </ClInclude>
    <ClInclude Include="emu.h">
      <Filter>headers\obfuscator</Filter>
    </ClInclude>
    <ClInclude Include="mba.h">
      <Filter>headers\obfuscator\passes</Filter>
    </ClInclude>
    <ClInclude Include="stack_allocation.h">
      <Filter>headers\obfuscator\passes</Filter>
    </ClInclude>
    <ClInclude Include="obf.h">
      <Filter>headers\obfuscator</Filter>
    </ClInclude>
    <ClInclude Include="substitution.h">
      <Filter>headers\obfuscator\passes</Filter>
    </ClInclude>
    <ClInclude Include="opaques.h">
      <Filter>headers\obfuscator\passes</Filter>
    </ClInclude>
  </ItemGroup>
  <ItemGroup>
    <Filter Include="headers">
      <UniqueIdentifier>{210126f2-8894-4b8d-b89c-13ad10de0906}</UniqueIdentifier>
    </Filter>
    <Filter Include="sources">
      <UniqueIdentifier>{2022b579-6edd-4d14-817d-d13fda4315b0}</UniqueIdentifier>
    </Filter>
    <Filter Include="Testing">
      <UniqueIdentifier>{e838d32b-d295-409f-ada1-ff952beed48a}</UniqueIdentifier>
    </Filter>
    <Filter Include="headers\dasm">
      <UniqueIdentifier>{f08220bb-65a3-4763-82ea-b6ab6662ed8f}</UniqueIdentifier>
    </Filter>
    <Filter Include="headers\obfuscator">
      <UniqueIdentifier>{0136dbc2-1a9e-4fed-b3eb-8333ba453967}</UniqueIdentifier>
    </Filter>
    <Filter Include="headers\xed">
      <UniqueIdentifier>{7bff6ba0-bb46-4961-81b0-3fc14ffc27cf}</UniqueIdentifier>
    </Filter>
    <Filter Include="headers\utils">
      <UniqueIdentifier>{16f57466-8880-4c24-918d-0ea63aa306b9}</UniqueIdentifier>
    </Filter>
    <Filter Include="headers\obfuscator\passes">
      <UniqueIdentifier>{98d91127-8483-46b5-beca-2eb974560df8}</UniqueIdentifier>
    </Filter>
  </ItemGroup>
  <ItemGroup>
    <ClCompile Include="main.cpp">
      <Filter>Testing</Filter>
    </ClCompile>
  </ItemGroup>
  <ItemGroup>
    <None Include="pi_blocks.h">
      <Filter>headers\obfuscator\passes</Filter>
    </None>
  </ItemGroup>
</Project>